{
  "version": 4,
  "terraform_version": "1.5.2",
  "serial": 76,
  "lineage": "540995fe-1f2b-7573-75fb-fa88b45261fe",
  "outputs": {},
  "resources": [
    {
      "mode": "managed",
      "type": "google_bigquery_dataset",
      "name": "dataset",
      "provider": "provider[\"registry.terraform.io/hashicorp/google\"]",
      "instances": [
        {
          "schema_version": 0,
          "attributes": {
            "access": [
              {
                "dataset": [],
                "domain": "",
                "group_by_email": "",
                "role": "OWNER",
                "routine": [],
                "special_group": "",
                "user_by_email": "21784382617-compute@developer.gserviceaccount.com",
                "view": []
              },
              {
                "dataset": [],
                "domain": "",
                "group_by_email": "",
                "role": "OWNER",
                "routine": [],
                "special_group": "projectOwners",
                "user_by_email": "",
                "view": []
              },
              {
                "dataset": [],
                "domain": "",
                "group_by_email": "",
                "role": "READER",
                "routine": [],
                "special_group": "projectReaders",
                "user_by_email": "",
                "view": []
              },
              {
                "dataset": [],
                "domain": "",
                "group_by_email": "",
                "role": "WRITER",
                "routine": [],
                "special_group": "projectWriters",
                "user_by_email": "",
                "view": []
              }
            ],
            "creation_time": 1689867922239,
            "dataset_id": "dataEngineeringTaskv1",
            "default_collation": "",
            "default_encryption_configuration": [],
            "default_partition_expiration_ms": 0,
            "default_table_expiration_ms": 0,
            "delete_contents_on_destroy": false,
            "description": "",
            "etag": "HYlAp7ql9CbthsFGhvkmXQ==",
            "friendly_name": "",
            "id": "projects/advancedml-saahil/datasets/dataEngineeringTaskv1",
            "is_case_insensitive": false,
            "labels": {},
            "last_modified_time": 1689867922239,
            "location": "US",
            "max_time_travel_hours": "",
            "project": "advancedml-saahil",
            "self_link": "https://bigquery.googleapis.com/bigquery/v2/projects/advancedml-saahil/datasets/dataEngineeringTaskv1",
            "storage_billing_model": "",
            "timeouts": null
          },
          "sensitive_attributes": [],
          "private": "eyJlMmJmYjczMC1lY2FhLTExZTYtOGY4OC0zNDM2M2JjN2M0YzAiOnsiY3JlYXRlIjoxMjAwMDAwMDAwMDAwLCJkZWxldGUiOjEyMDAwMDAwMDAwMDAsInVwZGF0ZSI6MTIwMDAwMDAwMDAwMH19"
        }
      ]
    },
    {
      "mode": "managed",
      "type": "google_bigquery_table",
      "name": "table",
      "provider": "provider[\"registry.terraform.io/hashicorp/google\"]",
      "instances": [
        {
          "schema_version": 0,
          "attributes": {
            "clustering": null,
            "creation_time": 1689867922934,
            "dataset_id": "dataEngineeringTaskv1",
            "deletion_protection": true,
            "description": "",
            "encryption_configuration": [],
            "etag": "VdWb23VUm19h6UaLgjYqCg==",
            "expiration_time": 0,
            "external_data_configuration": [],
            "friendly_name": "",
            "id": "projects/advancedml-saahil/datasets/dataEngineeringTaskv1/tables/wikipediaTopPages",
            "labels": null,
            "last_modified_time": 1689867923127,
            "location": "US",
            "materialized_view": [],
            "num_bytes": 0,
            "num_long_term_bytes": 0,
            "num_rows": 0,
            "project": "advancedml-saahil",
            "range_partitioning": [],
            "schema": "[{\"mode\":\"NULLABLE\",\"name\":\"date\",\"type\":\"STRING\"},{\"mode\":\"NULLABLE\",\"name\":\"article\",\"type\":\"STRING\"},{\"mode\":\"NULLABLE\",\"name\":\"article_categories\",\"type\":\"STRING\"},{\"mode\":\"NULLABLE\",\"name\":\"rank\",\"type\":\"INTEGER\"},{\"mode\":\"NULLABLE\",\"name\":\"views\",\"type\":\"INTEGER\"}]",
            "self_link": "https://bigquery.googleapis.com/bigquery/v2/projects/advancedml-saahil/datasets/dataEngineeringTaskv1/tables/wikipediaTopPages",
            "table_id": "wikipediaTopPages",
            "time_partitioning": [],
            "type": "TABLE",
            "view": []
          },
          "sensitive_attributes": [],
          "private": "bnVsbA==",
          "dependencies": [
            "google_bigquery_dataset.dataset"
          ]
        }
      ]
    },
    {
      "mode": "managed",
      "type": "google_cloud_scheduler_job",
      "name": "job",
      "provider": "provider[\"registry.terraform.io/hashicorp/google\"]",
      "instances": [
        {
          "schema_version": 0,
          "attributes": {
            "app_engine_http_target": [],
            "attempt_deadline": "180s",
            "description": "",
            "http_target": [
              {
                "body": "",
                "headers": {},
                "http_method": "GET",
                "oauth_token": [],
                "oidc_token": [
                  {
                    "audience": "https://wikipediatoppagesfetchv1-eyiwc4ik7a-uc.a.run.app",
                    "service_account_email": "21784382617-compute@developer.gserviceaccount.com"
                  }
                ],
                "uri": "https://wikipediatoppagesfetchv1-eyiwc4ik7a-uc.a.run.app/"
              }
            ],
            "id": "projects/advancedml-saahil/locations/us-central1/jobs/wikiRunSchedulerv1",
            "name": "wikiRunSchedulerv1",
            "paused": false,
            "project": "advancedml-saahil",
            "pubsub_target": [],
            "region": "us-central1",
            "retry_config": [],
            "schedule": "0 7 * * *",
            "state": "ENABLED",
            "time_zone": "Europe/London",
            "timeouts": null
          },
          "sensitive_attributes": [],
          "private": "eyJlMmJmYjczMC1lY2FhLTExZTYtOGY4OC0zNDM2M2JjN2M0YzAiOnsiY3JlYXRlIjoxMjAwMDAwMDAwMDAwLCJkZWxldGUiOjEyMDAwMDAwMDAwMDAsInVwZGF0ZSI6MTIwMDAwMDAwMDAwMH19",
          "dependencies": [
            "google_cloudfunctions2_function.function",
            "google_storage_bucket.bucket",
            "google_storage_bucket_object.object"
          ]
        }
      ]
    },
    {
      "mode": "managed",
      "type": "google_cloudfunctions2_function",
      "name": "function",
      "provider": "provider[\"registry.terraform.io/hashicorp/google\"]",
      "instances": [
        {
          "schema_version": 0,
          "attributes": {
            "build_config": [
              {
                "build": "projects/21784382617/locations/us-central1/builds/5e775dc9-d397-4f2a-b797-75d72cb36a63",
                "docker_repository": "",
                "entry_point": "main",
                "environment_variables": {},
                "runtime": "python39",
                "source": [
                  {
                    "repo_source": [],
                    "storage_source": [
                      {
                        "bucket": "wiki-scripts-finalv1",
                        "generation": 0,
                        "object": "functions.zip"
                      }
                    ]
                  }
                ],
                "worker_pool": ""
              }
            ],
            "description": "Fetches Top Pages and Categories from Wikipedia.",
            "environment": "GEN_2",
            "event_trigger": [],
            "id": "projects/advancedml-saahil/locations/us-central1/functions/wikipediaTopPagesFetchv1",
            "labels": {},
            "location": "us-central1",
            "name": "wikipediaTopPagesFetchv1",
            "project": "advancedml-saahil",
            "service_config": [
              {
                "all_traffic_on_latest_revision": true,
                "available_cpu": "2",
                "available_memory": "8Gi",
                "environment_variables": {},
                "gcf_uri": "",
                "ingress_settings": "ALLOW_ALL",
                "max_instance_count": 1,
                "max_instance_request_concurrency": 1,
                "min_instance_count": 0,
                "secret_environment_variables": [
                  {
                    "key": "SECRETKEY",
                    "project_id": "advancedml-saahil",
                    "secret": "wikiSecret",
                    "version": "1"
                  }
                ],
                "secret_volumes": [],
                "service": "projects/advancedml-saahil/locations/us-central1/services/wikipediatoppagesfetchv1",
                "service_account_email": "21784382617-compute@developer.gserviceaccount.com",
                "timeout_seconds": 3600,
                "uri": "https://wikipediatoppagesfetchv1-eyiwc4ik7a-uc.a.run.app",
                "vpc_connector": "",
                "vpc_connector_egress_settings": ""
              }
            ],
            "state": "ACTIVE",
            "timeouts": null,
            "update_time": "2023-07-20T15:31:55.729210188Z",
            "url": "https://us-central1-advancedml-saahil.cloudfunctions.net/wikipediaTopPagesFetchv1"
          },
          "sensitive_attributes": [],
          "private": "eyJlMmJmYjczMC1lY2FhLTExZTYtOGY4OC0zNDM2M2JjN2M0YzAiOnsiY3JlYXRlIjozNjAwMDAwMDAwMDAwLCJkZWxldGUiOjM2MDAwMDAwMDAwMDAsInVwZGF0ZSI6MzYwMDAwMDAwMDAwMH19",
          "dependencies": [
            "google_storage_bucket.bucket",
            "google_storage_bucket_object.object"
          ]
        }
      ]
    },
    {
      "mode": "managed",
      "type": "google_storage_bucket",
      "name": "bucket",
      "provider": "provider[\"registry.terraform.io/hashicorp/google\"]",
      "instances": [
        {
          "schema_version": 0,
          "attributes": {
            "autoclass": [],
            "cors": [],
            "custom_placement_config": [],
            "default_event_based_hold": false,
            "encryption": [],
            "force_destroy": false,
            "id": "wiki-scripts-finalv1",
            "labels": {},
            "lifecycle_rule": [],
            "location": "US",
            "logging": [],
            "name": "wiki-scripts-finalv1",
            "project": "advancedml-saahil",
            "public_access_prevention": "inherited",
            "requester_pays": false,
            "retention_policy": [],
            "self_link": "https://www.googleapis.com/storage/v1/b/wiki-scripts-finalv1",
            "storage_class": "STANDARD",
            "timeouts": null,
            "uniform_bucket_level_access": false,
            "url": "gs://wiki-scripts-finalv1",
            "versioning": [],
            "website": []
          },
          "sensitive_attributes": [],
          "private": "eyJlMmJmYjczMC1lY2FhLTExZTYtOGY4OC0zNDM2M2JjN2M0YzAiOnsiY3JlYXRlIjo2MDAwMDAwMDAwMDAsInJlYWQiOjI0MDAwMDAwMDAwMCwidXBkYXRlIjoyNDAwMDAwMDAwMDB9fQ=="
        }
      ]
    },
    {
      "mode": "managed",
      "type": "google_storage_bucket_object",
      "name": "object",
      "provider": "provider[\"registry.terraform.io/hashicorp/google\"]",
      "instances": [
        {
          "schema_version": 0,
          "attributes": {
            "bucket": "wiki-scripts-finalv1",
            "cache_control": "",
            "content": null,
            "content_disposition": "",
            "content_encoding": "",
            "content_language": "",
            "content_type": "application/zip",
            "crc32c": "Xf2f7w==",
            "customer_encryption": [],
            "detect_md5hash": "5CpWYMsu9XDFjmii/BCBxg==",
            "event_based_hold": false,
            "id": "wiki-scripts-finalv1-functions.zip",
            "kms_key_name": "",
            "md5hash": "5CpWYMsu9XDFjmii/BCBxg==",
            "media_link": "https://storage.googleapis.com/download/storage/v1/b/wiki-scripts-finalv1/o/functions.zip?generation=1689867000494817\u0026alt=media",
            "metadata": {},
            "name": "functions.zip",
            "output_name": "functions.zip",
            "self_link": "https://www.googleapis.com/storage/v1/b/wiki-scripts-finalv1/o/functions.zip",
            "source": "functions.zip",
            "storage_class": "STANDARD",
            "temporary_hold": false,
            "timeouts": null
          },
          "sensitive_attributes": [],
          "private": "eyJlMmJmYjczMC1lY2FhLTExZTYtOGY4OC0zNDM2M2JjN2M0YzAiOnsiY3JlYXRlIjoyNDAwMDAwMDAwMDAsImRlbGV0ZSI6MjQwMDAwMDAwMDAwLCJ1cGRhdGUiOjI0MDAwMDAwMDAwMH19",
          "dependencies": [
            "google_storage_bucket.bucket"
          ]
        }
      ]
    }
  ],
  "check_results": null
}
